
Microsoft Visual Studio Solution File, Format Version 12.00
# Visual Studio Version 16
VisualStudioVersion = 16.0.30011.22
MinimumVisualStudioVersion = 10.0.40219.1
Project("{FAE04EC0-301F-11D3-BF4B-00C04F79EFBC}") = "FacultyManagement", "FacultyManagement\FacultyManagement.csproj", "{ECFAE16D-0650-463D-8E2F-38CB4C8C50F2}"
EndProject
Global
	GlobalSection(SolutionConfigurationPlatforms) = preSolution
		Debug|Any CPU = Debug|Any CPU
		Release|Any CPU = Release|Any CPU
	EndGlobalSection
	GlobalSection(ProjectConfigurationPlatforms) = postSolution
		{ECFAE16D-0650-463D-8E2F-38CB4C8C50F2}.Debug|Any CPU.ActiveCfg = Debug|Any CPU
		{ECFAE16D-0650-463D-8E2F-38CB4C8C50F2}.Debug|Any CPU.Build.0 = Debug|Any CPU
		{ECFAE16D-0650-463D-8E2F-38CB4C8C50F2}.Release|Any CPU.ActiveCfg = Release|Any CPU
		{ECFAE16D-0650-463D-8E2F-38CB4C8C50F2}.Release|Any CPU.Build.0 = Release|Any CPU
	EndGlobalSection
	GlobalSection(SolutionProperties) = preSolution
		HideSolutionNode = FALSE
	EndGlobalSection
	GlobalSection(ExtensibilityGlobals) = postSolution
		SolutionGuid = {12E9A7E3-17DD-4008-8823-11194EF3FA93}
	EndGlobalSection
EndGlobal
